// !$*UTF8*$!
{
	archiveVersion = 1;
	classes = {
	};
	objectVersion = 46;
	objects = {

/* Begin PBXBuildFile section */
		6DA015241AAB3C5D00AB650B /* AppDelegate.swift in Sources */ = {isa = PBXBuildFile; fileRef = 6DA015231AAB3C5D00AB650B /* AppDelegate.swift */; };
		6DA015261AAB3C5D00AB650B /* RecordSoundsViewController.swift in Sources */ = {isa = PBXBuildFile; fileRef = 6DA015251AAB3C5D00AB650B /* RecordSoundsViewController.swift */; };
		6DA015291AAB3C5D00AB650B /* Main.storyboard in Resources */ = {isa = PBXBuildFile; fileRef = 6DA015271AAB3C5D00AB650B /* Main.storyboard */; };
		6DA0152B1AAB3C5D00AB650B /* Images.xcassets in Resources */ = {isa = PBXBuildFile; fileRef = 6DA0152A1AAB3C5D00AB650B /* Images.xcassets */; };
		6DA0152E1AAB3C5D00AB650B /* LaunchScreen.xib in Resources */ = {isa = PBXBuildFile; fileRef = 6DA0152C1AAB3C5D00AB650B /* LaunchScreen.xib */; };
		6DA0153A1AAB3C5E00AB650B /* Pitch_PerfectTests.swift in Sources */ = {isa = PBXBuildFile; fileRef = 6DA015391AAB3C5E00AB650B /* Pitch_PerfectTests.swift */; };
		6DA015461AAB64DA00AB650B /* PlaySoundsViewController.swift in Sources */ = {isa = PBXBuildFile; fileRef = 6DA015451AAB64DA00AB650B /* PlaySoundsViewController.swift */; };
		6DDFF1741AAB7D0400A8AB18 /* RecordedAudio.swift in Sources */ = {isa = PBXBuildFile; fileRef = 6DDFF1731AAB7D0400A8AB18 /* RecordedAudio.swift */; };
/* End PBXBuildFile section */

/* Begin PBXContainerItemProxy section */
		6DA015341AAB3C5E00AB650B /* PBXContainerItemProxy */ = {
			isa = PBXContainerItemProxy;
			containerPortal = 6DA015161AAB3C5D00AB650B /* Project object */;
			proxyType = 1;
			remoteGlobalIDString = 6DA0151D1AAB3C5D00AB650B;
			remoteInfo = "Pitch Perfect";
		};
/* End PBXContainerItemProxy section */

/* Begin PBXFileReference section */
		6DA0151E1AAB3C5D00AB650B /* Pitch Perfect.app */ = {isa = PBXFileReference; explicitFileType = wrapper.application; includeInIndex = 0; path = "Pitch Perfect.app"; sourceTree = BUILT_PRODUCTS_DIR; };
		6DA015221AAB3C5D00AB650B /* Info.plist */ = {isa = PBXFileReference; lastKnownFileType = text.plist.xml; path = Info.plist; sourceTree = "<group>"; };
		6DA015231AAB3C5D00AB650B /* AppDelegate.swift */ = {isa = PBXFileReference; lastKnownFileType = sourcecode.swift; path = AppDelegate.swift; sourceTree = "<group>"; };
		6DA015251AAB3C5D00AB650B /* RecordSoundsViewController.swift */ = {isa = PBXFileReference; lastKnownFileType = sourcecode.swift; path = RecordSoundsViewController.swift; sourceTree = "<group>"; };
		6DA015281AAB3C5D00AB650B /* Base */ = {isa = PBXFileReference; lastKnownFileType = file.storyboard; name = Base; path = Base.lproj/Main.storyboard; sourceTree = "<group>"; };
		6DA0152A1AAB3C5D00AB650B /* Images.xcassets */ = {isa = PBXFileReference; lastKnownFileType = folder.assetcatalog; path = Images.xcassets; sourceTree = "<group>"; };
		6DA0152D1AAB3C5D00AB650B /* Base */ = {isa = PBXFileReference; lastKnownFileType = file.xib; name = Base; path = Base.lproj/LaunchScreen.xib; sourceTree = "<group>"; };
		6DA015331AAB3C5E00AB650B /* Pitch PerfectTests.xctest */ = {isa = PBXFileReference; explicitFileType = wrapper.cfbundle; includeInIndex = 0; path = "Pitch PerfectTests.xctest"; sourceTree = BUILT_PRODUCTS_DIR; };
		6DA015381AAB3C5E00AB650B /* Info.plist */ = {isa = PBXFileReference; lastKnownFileType = text.plist.xml; path = Info.plist; sourceTree = "<group>"; };
		6DA015391AAB3C5E00AB650B /* Pitch_PerfectTests.swift */ = {isa = PBXFileReference; lastKnownFileType = sourcecode.swift; path = Pitch_PerfectTests.swift; sourceTree = "<group>"; };
		6DA015451AAB64DA00AB650B /* PlaySoundsViewController.swift */ = {isa = PBXFileReference; fileEncoding = 4; lastKnownFileType = sourcecode.swift; path = PlaySoundsViewController.swift; sourceTree = "<group>"; };
		6DDFF1731AAB7D0400A8AB18 /* RecordedAudio.swift */ = {isa = PBXFileReference; fileEncoding = 4; lastKnownFileType = sourcecode.swift; path = RecordedAudio.swift; sourceTree = "<group>"; };
/* End PBXFileReference section */

/* Begin PBXFrameworksBuildPhase section */
		6DA0151B1AAB3C5D00AB650B /* Frameworks */ = {
			isa = PBXFrameworksBuildPhase;
			buildActionMask = 2147483647;
			files = (
			);
			runOnlyForDeploymentPostprocessing = 0;
		};
		6DA015301AAB3C5E00AB650B /* Frameworks */ = {
			isa = PBXFrameworksBuildPhase;
			buildActionMask = 2147483647;
			files = (
			);
			runOnlyForDeploymentPostprocessing = 0;
		};
/* End PBXFrameworksBuildPhase section */

/* Begin PBXGroup section */
		6DA015151AAB3C5D00AB650B = {
			isa = PBXGroup;
			children = (
				6DA015201AAB3C5D00AB650B /* Pitch Perfect */,
				6DA015361AAB3C5E00AB650B /* Pitch PerfectTests */,
				6DA0151F1AAB3C5D00AB650B /* Products */,
			);
			sourceTree = "<group>";
		};
		6DA0151F1AAB3C5D00AB650B /* Products */ = {
			isa = PBXGroup;
			children = (
				6DA0151E1AAB3C5D00AB650B /* Pitch Perfect.app */,
				6DA015331AAB3C5E00AB650B /* Pitch PerfectTests.xctest */,
			);
			name = Products;
			sourceTree = "<group>";
		};
		6DA015201AAB3C5D00AB650B /* Pitch Perfect */ = {
			isa = PBXGroup;
			children = (
				6DA015451AAB64DA00AB650B /* PlaySoundsViewController.swift */,
				6DA015231AAB3C5D00AB650B /* AppDelegate.swift */,
				6DA015251AAB3C5D00AB650B /* RecordSoundsViewController.swift */,
				6DA015271AAB3C5D00AB650B /* Main.storyboard */,
				6DDFF1731AAB7D0400A8AB18 /* RecordedAudio.swift */,
				6DA0152A1AAB3C5D00AB650B /* Images.xcassets */,
				6DA0152C1AAB3C5D00AB650B /* LaunchScreen.xib */,
				6DA015211AAB3C5D00AB650B /* Supporting Files */,
			);
			path = "Pitch Perfect";
			sourceTree = "<group>";
		};
		6DA015211AAB3C5D00AB650B /* Supporting Files */ = {
			isa = PBXGroup;
			children = (
				6DA015221AAB3C5D00AB650B /* Info.plist */,
			);
			name = "Supporting Files";
			sourceTree = "<group>";
		};
		6DA015361AAB3C5E00AB650B /* Pitch PerfectTests */ = {
			isa = PBXGroup;
			children = (
				6DA015391AAB3C5E00AB650B /* Pitch_PerfectTests.swift */,
				6DA015371AAB3C5E00AB650B /* Supporting Files */,
			);
			path = "Pitch PerfectTests";
			sourceTree = "<group>";
		};
		6DA015371AAB3C5E00AB650B /* Supporting Files */ = {
			isa = PBXGroup;
			children = (
				6DA015381AAB3C5E00AB650B /* Info.plist */,
			);
			name = "Supporting Files";
			sourceTree = "<group>";
		};
/* End PBXGroup section */

/* Begin PBXNativeTarget section */
		6DA0151D1AAB3C5D00AB650B /* Pitch Perfect */ = {
			isa = PBXNativeTarget;
			buildConfigurationList = 6DA0153D1AAB3C5E00AB650B /* Build configuration list for PBXNativeTarget "Pitch Perfect" */;
			buildPhases = (
				6DA0151A1AAB3C5D00AB650B /* Sources */,
				6DA0151B1AAB3C5D00AB650B /* Frameworks */,
				6DA0151C1AAB3C5D00AB650B /* Resources */,
			);
			buildRules = (
			);
			dependencies = (
			);
			name = "Pitch Perfect";
			productName = "Pitch Perfect";
			productReference = 6DA0151E1AAB3C5D00AB650B /* Pitch Perfect.app */;
			productType = "com.apple.product-type.application";
		};
		6DA015321AAB3C5E00AB650B /* Pitch PerfectTests */ = {
			isa = PBXNativeTarget;
			buildConfigurationList = 6DA015401AAB3C5E00AB650B /* Build configuration list for PBXNativeTarget "Pitch PerfectTests" */;
			buildPhases = (
				6DA0152F1AAB3C5E00AB650B /* Sources */,
				6DA015301AAB3C5E00AB650B /* Frameworks */,
				6DA015311AAB3C5E00AB650B /* Resources */,
			);
			buildRules = (
			);
			dependencies = (
				6DA015351AAB3C5E00AB650B /* PBXTargetDependency */,
			);
			name = "Pitch PerfectTests";
			productName = "Pitch PerfectTests";
			productReference = 6DA015331AAB3C5E00AB650B /* Pitch PerfectTests.xctest */;
			productType = "com.apple.product-type.bundle.unit-test";
		};
/* End PBXNativeTarget section */

/* Begin PBXProject section */
		6DA015161AAB3C5D00AB650B /* Project object */ = {
			isa = PBXProject;
			attributes = {
				LastUpgradeCheck = 0610;
				ORGANIZATIONNAME = "Antal János Monori";
				TargetAttributes = {
					6DA0151D1AAB3C5D00AB650B = {
						CreatedOnToolsVersion = 6.1.1;
					};
					6DA015321AAB3C5E00AB650B = {
						CreatedOnToolsVersion = 6.1.1;
						TestTargetID = 6DA0151D1AAB3C5D00AB650B;
					};
				};
			};
			buildConfigurationList = 6DA015191AAB3C5D00AB650B /* Build configuration list for PBXProject "Pitch Perfect" */;
			compatibilityVersion = "Xcode 3.2";
			developmentRegion = English;
			hasScannedForEncodings = 0;
			knownRegions = (
				en,
				Base,
			);
			mainGroup = 6DA015151AAB3C5D00AB650B;
			productRefGroup = 6DA0151F1AAB3C5D00AB650B /* Products */;
			projectDirPath = "";
			projectRoot = "";
			targets = (
				6DA0151D1AAB3C5D00AB650B /* Pitch Perfect */,
				6DA015321AAB3C5E00AB650B /* Pitch PerfectTests */,
			);
		};
/* End PBXProject section */

/* Begin PBXResourcesBuildPhase section */
		6DA0151C1AAB3C5D00AB650B /* Resources */ = {
			isa = PBXResourcesBuildPhase;
			buildActionMask = 2147483647;
			files = (
				6DA015291AAB3C5D00AB650B /* Main.storyboard in Resources */,
				6DA0152E1AAB3C5D00AB650B /* LaunchScreen.xib in Resources */,
				6DA0152B1AAB3C5D00AB650B /* Images.xcassets in Resources */,
			);
			runOnlyForDeploymentPostprocessing = 0;
		};
		6DA015311AAB3C5E00AB650B /* Resources */ = {
			isa = PBXResourcesBuildPhase;
			buildActionMask = 2147483647;
			files = (
			);
			runOnlyForDeploymentPostprocessing = 0;
		};
/* End PBXResourcesBuildPhase section */

/* Begin PBXSourcesBuildPhase section */
		6DA0151A1AAB3C5D00AB650B /* Sources */ = {
			isa = PBXSourcesBuildPhase;
			buildActionMask = 2147483647;
			files = (
				6DDFF1741AAB7D0400A8AB18 /* RecordedAudio.swift in Sources */,
				6DA015261AAB3C5D00AB650B /* RecordSoundsViewController.swift in Sources */,
				6DA015461AAB64DA00AB650B /* PlaySoundsViewController.swift in Sources */,
				6DA015241AAB3C5D00AB650B /* AppDelegate.swift in Sources */,
			);
			runOnlyForDeploymentPostprocessing = 0;
		};
		6DA0152F1AAB3C5E00AB650B /* Sources */ = {
			isa = PBXSourcesBuildPhase;
			buildActionMask = 2147483647;
			files = (
				6DA0153A1AAB3C5E00AB650B /* Pitch_PerfectTests.swift in Sources */,
			);
			runOnlyForDeploymentPostprocessing = 0;
		};
/* End PBXSourcesBuildPhase section */

/* Begin PBXTargetDependency section */
		6DA015351AAB3C5E00AB650B /* PBXTargetDependency */ = {
			isa = PBXTargetDependency;
			target = 6DA0151D1AAB3C5D00AB650B /* Pitch Perfect */;
			targetProxy = 6DA015341AAB3C5E00AB650B /* PBXContainerItemProxy */;
		};
/* End PBXTargetDependency section */

/* Begin PBXVariantGroup section */
		6DA015271AAB3C5D00AB650B /* Main.storyboard */ = {
			isa = PBXVariantGroup;
			children = (
				6DA015281AAB3C5D00AB650B /* Base */,
			);
			name = Main.storyboard;
			sourceTree = "<group>";
		};
		6DA0152C1AAB3C5D00AB650B /* LaunchScreen.xib */ = {
			isa = PBXVariantGroup;
			children = (
				6DA0152D1AAB3C5D00AB650B /* Base */,
			);
			name = LaunchScreen.xib;
			sourceTree = "<group>";
		};
/* End PBXVariantGroup section */

/* Begin XCBuildConfiguration section */
		6DA0153B1AAB3C5E00AB650B /* Debug */ = {
			isa = XCBuildConfiguration;
			buildSettings = {
				ALWAYS_SEARCH_USER_PATHS = NO;
				CLANG_CXX_LANGUAGE_STANDARD = "gnu++0x";
				CLANG_CXX_LIBRARY = "libc++";
				CLANG_ENABLE_MODULES = YES;
				CLANG_ENABLE_OBJC_ARC = YES;
				CLANG_WARN_BOOL_CONVERSION = YES;
				CLANG_WARN_CONSTANT_CONVERSION = YES;
				CLANG_WARN_DIRECT_OBJC_ISA_USAGE = YES_ERROR;
				CLANG_WARN_EMPTY_BODY = YES;
				CLANG_WARN_ENUM_CONVERSION = YES;
				CLANG_WARN_INT_CONVERSION = YES;
				CLANG_WARN_OBJC_ROOT_CLASS = YES_ERROR;
				CLANG_WARN_UNREACHABLE_CODE = YES;
				CLANG_WARN__DUPLICATE_METHOD_MATCH = YES;
				"CODE_SIGN_IDENTITY[sdk=iphoneos*]" = "iPhone Developer";
				COPY_PHASE_STRIP = NO;
				ENABLE_STRICT_OBJC_MSGSEND = YES;
				GCC_C_LANGUAGE_STANDARD = gnu99;
				GCC_DYNAMIC_NO_PIC = NO;
				GCC_OPTIMIZATION_LEVEL = 0;
				GCC_PREPROCESSOR_DEFINITIONS = (
					"DEBUG=1",
					"$(inherited)",
				);
				GCC_SYMBOLS_PRIVATE_EXTERN = NO;
				GCC_WARN_64_TO_32_BIT_CONVERSION = YES;
				GCC_WARN_ABOUT_RETURN_TYPE = YES_ERROR;
				GCC_WARN_UNDECLARED_SELECTOR = YES;
				GCC_WARN_UNINITIALIZED_AUTOS = YES_AGGRESSIVE;
				GCC_WARN_UNUSED_FUNCTION = YES;
				GCC_WARN_UNUSED_VARIABLE = YES;
				IPHONEOS_DEPLOYMENT_TARGET = 8.1;
				MTL_ENABLE_DEBUG_INFO = YES;
				ONLY_ACTIVE_ARCH = YES;
				SDKROOT = iphoneos;
				SWIFT_OPTIMIZATION_LEVEL = "-Onone";
			};
			name = Debug;
		};
		6DA0153C1AAB3C5E00AB650B /* Release */ = {
			isa = XCBuildConfiguration;
			buildSettings = {
				ALWAYS_SEARCH_USER_PATHS = NO;
				CLANG_CXX_LANGUAGE_STANDARD = "gnu++0x";
				CLANG_CXX_LIBRARY = "libc++";
				CLANG_ENABLE_MODULES = YES;
				CLANG_ENABLE_OBJC_ARC = YES;
				CLANG_WARN_BOOL_CONVERSION = YES;
				CLANG_WARN_CONSTANT_CONVERSION = YES;
				CLANG_WARN_DIRECT_OBJC_ISA_USAGE = YES_ERROR;
				CLANG_WARN_EMPTY_BODY = YES;
				CLANG_WARN_ENUM_CONVERSION = YES;
				CLANG_WARN_INT_CONVERSION = YES;
				CLANG_WARN_OBJC_ROOT_CLASS = YES_ERROR;
				CLANG_WARN_UNREACHABLE_CODE = YES;
				CLANG_WARN__DUPLICATE_METHOD_MATCH = YES;
				"CODE_SIGN_IDENTITY[sdk=iphoneos*]" = "iPhone Developer";
				COPY_PHASE_STRIP = YES;
				ENABLE_NS_ASSERTIONS = NO;
				ENABLE_STRICT_OBJC_MSGSEND = YES;
				GCC_C_LANGUAGE_STANDARD = gnu99;
				GCC_WARN_64_TO_32_BIT_CONVERSION = YES;
				GCC_WARN_ABOUT_RETURN_TYPE = YES_ERROR;
				GCC_WARN_UNDECLARED_SELECTOR = YES;
				GCC_WARN_UNINITIALIZED_AUTOS = YES_AGGRESSIVE;
				GCC_WARN_UNUSED_FUNCTION = YES;
				GCC_WARN_UNUSED_VARIABLE = YES;
				IPHONEOS_DEPLOYMENT_TARGET = 8.1;
				MTL_ENABLE_DEBUG_INFO = NO;
				SDKROOT = iphoneos;
				VALIDATE_PRODUCT = YES;
			};
			name = Release;
		};
		6DA0153E1AAB3C5E00AB650B /* Debug */ = {
			isa = XCBuildConfiguration;
			buildSettings = {
				ASSETCATALOG_COMPILER_APPICON_NAME = AppIcon;
				INFOPLIST_FILE = "Pitch Perfect/Info.plist";
				LD_RUNPATH_SEARCH_PATHS = "$(inherited) @executable_path/Frameworks";
				PRODUCT_NAME = "$(TARGET_NAME)";
			};
			name = Debug;
		};
		6DA0153F1AAB3C5E00AB650B /* Release */ = {
			isa = XCBuildConfiguration;
			buildSettings = {
				ASSETCATALOG_COMPILER_APPICON_NAME = AppIcon;
				INFOPLIST_FILE = "Pitch Perfect/Info.plist";
				LD_RUNPATH_SEARCH_PATHS = "$(inherited) @executable_path/Frameworks";
				PRODUCT_NAME = "$(TARGET_NAME)";
			};
			name = Release;
		};
		6DA015411AAB3C5E00AB650B /* Debug */ = {
			isa = XCBuildConfiguration;
			buildSettings = {
				BUNDLE_LOADER = "$(TEST_HOST)";
				FRAMEWORK_SEARCH_PATHS = (
					"$(SDKROOT)/Developer/Library/Frameworks",
					"$(inherited)",
				);
				GCC_PREPROCESSOR_DEFINITIONS = (
					"DEBUG=1",
					"$(inherited)",
				);
				INFOPLIST_FILE = "Pitch PerfectTests/Info.plist";
				LD_RUNPATH_SEARCH_PATHS = "$(inherited) @executable_path/Frameworks @loader_path/Frameworks";
				PRODUCT_NAME = "$(TARGET_NAME)";
				TEST_HOST = "$(BUILT_PRODUCTS_DIR)/Pitch Perfect.app/Pitch Perfect";
			};
			name = Debug;
		};
		6DA015421AAB3C5E00AB650B /* Release */ = {
			isa = XCBuildConfiguration;
			buildSettings = {
				BUNDLE_LOADER = "$(TEST_HOST)";
				FRAMEWORK_SEARCH_PATHS = (
					"$(SDKROOT)/Developer/Library/Frameworks",
					"$(inherited)",
				);
				INFOPLIST_FILE = "Pitch PerfectTests/Info.plist";
				LD_RUNPATH_SEARCH_PATHS = "$(inherited) @executable_path/Frameworks @loader_path/Frameworks";
				PRODUCT_NAME = "$(TARGET_NAME)";
				TEST_HOST = "$(BUILT_PRODUCTS_DIR)/Pitch Perfect.app/Pitch Perfect";
			};
			name = Release;
		};
/* End XCBuildConfiguration section */

/* Begin XCConfigurationList section */
		6DA015191AAB3C5D00AB650B /* Build configuration list for PBXProject "Pitch Perfect" */ = {
			isa = XCConfigurationList;
			buildConfigurations = (
				6DA0153B1AAB3C5E00AB650B /* Debug */,
				6DA0153C1AAB3C5E00AB650B /* Release */,
			);
			defaultConfigurationIsVisible = 0;
			defaultConfigurationName = Release;
		};
		6DA0153D1AAB3C5E00AB650B /* Build configuration list for PBXNativeTarget "Pitch Perfect" */ = {
			isa = XCConfigurationList;
			buildConfigurations = (
				6DA0153E1AAB3C5E00AB650B /* Debug */,
				6DA0153F1AAB3C5E00AB650B /* Release */,
			);
			defaultConfigurationIsVisible = 0;
			defaultConfigurationName = Release;
		};
		6DA015401AAB3C5E00AB650B /* Build configuration list for PBXNativeTarget "Pitch PerfectTests" */ = {
			isa = XCConfigurationList;
			buildConfigurations = (
				6DA015411AAB3C5E00AB650B /* Debug */,
				6DA015421AAB3C5E00AB650B /* Release */,
			);
			defaultConfigurationIsVisible = 0;
			defaultConfigurationName = Release;
		};
/* End XCConfigurationList section */
	};
	rootObject = 6DA015161AAB3C5D00AB650B /* Project object */;
}
